// !$*UTF8*$!
{
	archiveVersion = 1;
	classes = {
	};
	objectVersion = 46;
	objects = {

/* Begin PBXBuildFile section */
		42EDC4601CA6E249004AFFBA /* AppDelegate.swift in Sources */ = {isa = PBXBuildFile; fileRef = 42EDC45F1CA6E249004AFFBA /* AppDelegate.swift */; };
		42EDC4621CA6E249004AFFBA /* ViewController.swift in Sources */ = {isa = PBXBuildFile; fileRef = 42EDC4611CA6E249004AFFBA /* ViewController.swift */; };
		42EDC4651CA6E249004AFFBA /* Main.storyboard in Resources */ = {isa = PBXBuildFile; fileRef = 42EDC4631CA6E249004AFFBA /* Main.storyboard */; };
		42EDC4671CA6E249004AFFBA /* Assets.xcassets in Resources */ = {isa = PBXBuildFile; fileRef = 42EDC4661CA6E249004AFFBA /* Assets.xcassets */; };
		42EDC46A1CA6E249004AFFBA /* LaunchScreen.storyboard in Resources */ = {isa = PBXBuildFile; fileRef = 42EDC4681CA6E249004AFFBA /* LaunchScreen.storyboard */; };
/* End PBXBuildFile section */

/* Begin PBXFileReference section */
		42EDC45C1CA6E249004AFFBA /* calendarTest.app */ = {isa = PBXFileReference; explicitFileType = wrapper.application; includeInIndex = 0; path = calendarTest.app; sourceTree = BUILT_PRODUCTS_DIR; };
		42EDC45F1CA6E249004AFFBA /* AppDelegate.swift */ = {isa = PBXFileReference; lastKnownFileType = sourcecode.swift; path = AppDelegate.swift; sourceTree = "<group>"; };
		42EDC4611CA6E249004AFFBA /* ViewController.swift */ = {isa = PBXFileReference; lastKnownFileType = sourcecode.swift; path = ViewController.swift; sourceTree = "<group>"; };
		42EDC4641CA6E249004AFFBA /* Base */ = {isa = PBXFileReference; lastKnownFileType = file.storyboard; name = Base; path = Base.lproj/Main.storyboard; sourceTree = "<group>"; };
		42EDC4661CA6E249004AFFBA /* Assets.xcassets */ = {isa = PBXFileReference; lastKnownFileType = folder.assetcatalog; path = Assets.xcassets; sourceTree = "<group>"; };
		42EDC4691CA6E249004AFFBA /* Base */ = {isa = PBXFileReference; lastKnownFileType = file.storyboard; name = Base; path = Base.lproj/LaunchScreen.storyboard; sourceTree = "<group>"; };
		42EDC46B1CA6E249004AFFBA /* Info.plist */ = {isa = PBXFileReference; lastKnownFileType = text.plist.xml; path = Info.plist; sourceTree = "<group>"; };
/* End PBXFileReference section */

/* Begin PBXFrameworksBuildPhase section */
		42EDC4591CA6E249004AFFBA /* Frameworks */ = {
			isa = PBXFrameworksBuildPhase;
			buildActionMask = 2147483647;
			files = (
			);
			runOnlyForDeploymentPostprocessing = 0;
		};
/* End PBXFrameworksBuildPhase section */

/* Begin PBXGroup section */
		42EDC4531CA6E249004AFFBA = {
			isa = PBXGroup;
			children = (
				42EDC45E1CA6E249004AFFBA /* calendarTest */,
				42EDC45D1CA6E249004AFFBA /* Products */,
			);
			sourceTree = "<group>";
		};
		42EDC45D1CA6E249004AFFBA /* Products */ = {
			isa = PBXGroup;
			children = (
				42EDC45C1CA6E249004AFFBA /* calendarTest.app */,
			);
			name = Products;
			sourceTree = "<group>";
		};
		42EDC45E1CA6E249004AFFBA /* calendarTest */ = {
			isa = PBXGroup;
			children = (
				42EDC45F1CA6E249004AFFBA /* AppDelegate.swift */,
				42EDC4611CA6E249004AFFBA /* ViewController.swift */,
				42EDC4631CA6E249004AFFBA /* Main.storyboard */,
				42EDC4661CA6E249004AFFBA /* Assets.xcassets */,
				42EDC4681CA6E249004AFFBA /* LaunchScreen.storyboard */,
				42EDC46B1CA6E249004AFFBA /* Info.plist */,
			);
			path = calendarTest;
			sourceTree = "<group>";
		};
/* End PBXGroup section */

/* Begin PBXNativeTarget section */
		42EDC45B1CA6E249004AFFBA /* calendarTest */ = {
			isa = PBXNativeTarget;
			buildConfigurationList = 42EDC46E1CA6E249004AFFBA /* Build configuration list for PBXNativeTarget "calendarTest" */;
			buildPhases = (
				42EDC4581CA6E249004AFFBA /* Sources */,
				42EDC4591CA6E249004AFFBA /* Frameworks */,
				42EDC45A1CA6E249004AFFBA /* Resources */,
			);
			buildRules = (
			);
			dependencies = (
			);
			name = calendarTest;
			productName = calendarTest;
			productReference = 42EDC45C1CA6E249004AFFBA /* calendarTest.app */;
			productType = "com.apple.product-type.application";
		};
/* End PBXNativeTarget section */

/* Begin PBXProject section */
		42EDC4541CA6E249004AFFBA /* Project object */ = {
			isa = PBXProject;
			attributes = {
				LastSwiftUpdateCheck = 0720;
				LastUpgradeCheck = 0720;
				ORGANIZATIONNAME = AirMyac;
				TargetAttributes = {
					42EDC45B1CA6E249004AFFBA = {
						CreatedOnToolsVersion = 7.2.1;
					};
				};
			};
			buildConfigurationList = 42EDC4571CA6E249004AFFBA /* Build configuration list for PBXProject "calendarTest" */;
			compatibilityVersion = "Xcode 3.2";
			developmentRegion = English;
			hasScannedForEncodings = 0;
			knownRegions = (
				en,
				Base,
			);
			mainGroup = 42EDC4531CA6E249004AFFBA;
			productRefGroup = 42EDC45D1CA6E249004AFFBA /* Products */;
			projectDirPath = "";
			projectRoot = "";
			targets = (
				42EDC45B1CA6E249004AFFBA /* calendarTest */,
			);
		};
/* End PBXProject section */

/* Begin PBXResourcesBuildPhase section */
		42EDC45A1CA6E249004AFFBA /* Resources */ = {
			isa = PBXResourcesBuildPhase;
			buildActionMask = 2147483647;
			files = (
				42EDC46A1CA6E249004AFFBA /* LaunchScreen.storyboard in Resources */,
				42EDC4671CA6E249004AFFBA /* Assets.xcassets in Resources */,
				42EDC4651CA6E249004AFFBA /* Main.storyboard in Resources */,
			);
			runOnlyForDeploymentPostprocessing = 0;
		};
/* End PBXResourcesBuildPhase section */

/* Begin PBXSourcesBuildPhase section */
		42EDC4581CA6E249004AFFBA /* Sources */ = {
			isa = PBXSourcesBuildPhase;
			buildActionMask = 2147483647;
			files = (
				42EDC4621CA6E249004AFFBA /* ViewController.swift in Sources */,
				42EDC4601CA6E249004AFFBA /* AppDelegate.swift in Sources */,
			);
			runOnlyForDeploymentPostprocessing = 0;
		};
/* End PBXSourcesBuildPhase section */

/* Begin PBXVariantGroup section */
		42EDC4631CA6E249004AFFBA /* Main.storyboard */ = {
			isa = PBXVariantGroup;
			children = (
				42EDC4641CA6E249004AFFBA /* Base */,
			);
			name = Main.storyboard;
			sourceTree = "<group>";
		};
		42EDC4681CA6E249004AFFBA /* LaunchScreen.storyboard */ = {
			isa = PBXVariantGroup;
			children = (
				42EDC4691CA6E249004AFFBA /* Base */,
			);
			name = LaunchScreen.storyboard;
			sourceTree = "<group>";
		};
/* End PBXVariantGroup section */

/* Begin XCBuildConfiguration section */
		42EDC46C1CA6E249004AFFBA /* Debug */ = {
			isa = XCBuildConfiguration;
			buildSettings = {
				ALWAYS_SEARCH_USER_PATHS = NO;
				CLANG_CXX_LANGUAGE_STANDARD = "gnu++0x";
				CLANG_CXX_LIBRARY = "libc++";
				CLANG_ENABLE_MODULES = YES;
				CLANG_ENABLE_OBJC_ARC = YES;
				CLANG_WARN_BOOL_CONVERSION = YES;
				CLANG_WARN_CONSTANT_CONVERSION = YES;
				CLANG_WARN_DIRECT_OBJC_ISA_USAGE = YES_ERROR;
				CLANG_WARN_EMPTY_BODY = YES;
				CLANG_WARN_ENUM_CONVERSION = YES;
				CLANG_WARN_INT_CONVERSION = YES;
				CLANG_WARN_OBJC_ROOT_CLASS = YES_ERROR;
				CLANG_WARN_UNREACHABLE_CODE = YES;
				CLANG_WARN__DUPLICATE_METHOD_MATCH = YES;
				"CODE_SIGN_IDENTITY[sdk=iphoneos*]" = "iPhone Developer";
				COPY_PHASE_STRIP = NO;
				DEBUG_INFORMATION_FORMAT = dwarf;
				ENABLE_STRICT_OBJC_MSGSEND = YES;
				ENABLE_TESTABILITY = YES;
				GCC_C_LANGUAGE_STANDARD = gnu99;
				GCC_DYNAMIC_NO_PIC = NO;
				GCC_NO_COMMON_BLOCKS = YES;
				GCC_OPTIMIZATION_LEVEL = 0;
				GCC_PREPROCESSOR_DEFINITIONS = (
					"DEBUG=1",
					"$(inherited)",
				);
				GCC_WARN_64_TO_32_BIT_CONVERSION = YES;
				GCC_WARN_ABOUT_RETURN_TYPE = YES_ERROR;
				GCC_WARN_UNDECLARED_SELECTOR = YES;
				GCC_WARN_UNINITIALIZED_AUTOS = YES_AGGRESSIVE;
				GCC_WARN_UNUSED_FUNCTION = YES;
				GCC_WARN_UNUSED_VARIABLE = YES;
				IPHONEOS_DEPLOYMENT_TARGET = 9.2;
				MTL_ENABLE_DEBUG_INFO = YES;
				ONLY_ACTIVE_ARCH = YES;
				SDKROOT = iphoneos;
				SWIFT_OPTIMIZATION_LEVEL = "-Onone";
				TARGETED_DEVICE_FAMILY = "1,2";
			};
			name = Debug;
		};
		42EDC46D1CA6E249004AFFBA /* Release */ = {
			isa = XCBuildConfiguration;
			buildSettings = {
				ALWAYS_SEARCH_USER_PATHS = NO;
				CLANG_CXX_LANGUAGE_STANDARD = "gnu++0x";
				CLANG_CXX_LIBRARY = "libc++";
				CLANG_ENABLE_MODULES = YES;
				CLANG_ENABLE_OBJC_ARC = YES;
				CLANG_WARN_BOOL_CONVERSION = YES;
				CLANG_WARN_CONSTANT_CONVERSION = YES;
				CLANG_WARN_DIRECT_OBJC_ISA_USAGE = YES_ERROR;
				CLANG_WARN_EMPTY_BODY = YES;
				CLANG_WARN_ENUM_CONVERSION = YES;
				CLANG_WARN_INT_CONVERSION = YES;
				CLANG_WARN_OBJC_ROOT_CLASS = YES_ERROR;
				CLANG_WARN_UNREACHABLE_CODE = YES;
				CLANG_WARN__DUPLICATE_METHOD_MATCH = YES;
				"CODE_SIGN_IDENTITY[sdk=iphoneos*]" = "iPhone Developer";
				COPY_PHASE_STRIP = NO;
				DEBUG_INFORMATION_FORMAT = "dwarf-with-dsym";
				ENABLE_NS_ASSERTIONS = NO;
				ENABLE_STRICT_OBJC_MSGSEND = YES;
				GCC_C_LANGUAGE_STANDARD = gnu99;
				GCC_NO_COMMON_BLOCKS = YES;
				GCC_WARN_64_TO_32_BIT_CONVERSION = YES;
				GCC_WARN_ABOUT_RETURN_TYPE = YES_ERROR;
				GCC_WARN_UNDECLARED_SELECTOR = YES;
				GCC_WARN_UNINITIALIZED_AUTOS = YES_AGGRESSIVE;
				GCC_WARN_UNUSED_FUNCTION = YES;
				GCC_WARN_UNUSED_VARIABLE = YES;
				IPHONEOS_DEPLOYMENT_TARGET = 9.2;
				MTL_ENABLE_DEBUG_INFO = NO;
				SDKROOT = iphoneos;
				TARGETED_DEVICE_FAMILY = "1,2";
				VALIDATE_PRODUCT = YES;
			};
			name = Release;
		};
		42EDC46F1CA6E249004AFFBA /* Debug */ = {
			isa = XCBuildConfiguration;
			buildSettings = {
				ASSETCATALOG_COMPILER_APPICON_NAME = AppIcon;
				INFOPLIST_FILE = calendarTest/Info.plist;
				LD_RUNPATH_SEARCH_PATHS = "$(inherited) @executable_path/Frameworks";
				PRODUCT_BUNDLE_IDENTIFIER = katz.calendarTest;
				PRODUCT_NAME = "$(TARGET_NAME)";
			};
			name = Debug;
		};
		42EDC4701CA6E249004AFFBA /* Release */ = {
			isa = XCBuildConfiguration;
			buildSettings = {
				ASSETCATALOG_COMPILER_APPICON_NAME = AppIcon;
				INFOPLIST_FILE = calendarTest/Info.plist;
				LD_RUNPATH_SEARCH_PATHS = "$(inherited) @executable_path/Frameworks";
				PRODUCT_BUNDLE_IDENTIFIER = katz.calendarTest;
				PRODUCT_NAME = "$(TARGET_NAME)";
			};
			name = Release;
		};
/* End XCBuildConfiguration section */

/* Begin XCConfigurationList section */
		42EDC4571CA6E249004AFFBA /* Build configuration list for PBXProject "calendarTest" */ = {
			isa = XCConfigurationList;
			buildConfigurations = (
				42EDC46C1CA6E249004AFFBA /* Debug */,
				42EDC46D1CA6E249004AFFBA /* Release */,
			);
			defaultConfigurationIsVisible = 0;
			defaultConfigurationName = Release;
		};
		42EDC46E1CA6E249004AFFBA /* Build configuration list for PBXNativeTarget "calendarTest" */ = {
			isa = XCConfigurationList;
			buildConfigurations = (
				42EDC46F1CA6E249004AFFBA /* Debug */,
				42EDC4701CA6E249004AFFBA /* Release */,
			);
			defaultConfigurationIsVisible = 0;
		};
/* End XCConfigurationList section */
	};
	rootObject = 42EDC4541CA6E249004AFFBA /* Project object */;
}
